// !$*UTF8*$!
{
	archiveVersion = 1;
	classes = {
	};
	objectVersion = 45;
	objects = {

/* Begin PBXBuildFile section */
		E911B49D1375B9A4005316A9 /* main.c in Sources */ = {isa = PBXBuildFile; fileRef = E911B49A1375B9A4005316A9 /* main.c */; };
		E911B49E1375B9A4005316A9 /* Makefile in Sources */ = {isa = PBXBuildFile; fileRef = E911B49B1375B9A4005316A9 /* Makefile */; };
		E911B4C51375C9C8005316A9 /* process.h in Headers */ = {isa = PBXBuildFile; fileRef = E911B4C31375C9C8005316A9 /* process.h */; };
		E911B4C61375C9C8005316A9 /* process.c in Sources */ = {isa = PBXBuildFile; fileRef = E911B4C41375C9C8005316A9 /* process.c */; };
		E911B4DB1375CC6C005316A9 /* stdio.c in Sources */ = {isa = PBXBuildFile; fileRef = E911B4D91375CC6C005316A9 /* stdio.c */; };
		E911B4DC1375CC6C005316A9 /* stdio.h in Headers */ = {isa = PBXBuildFile; fileRef = E911B4DA1375CC6C005316A9 /* stdio.h */; };
		E911B4E31375CDAE005316A9 /* stdarg.h in Headers */ = {isa = PBXBuildFile; fileRef = E911B4E21375CDAE005316A9 /* stdarg.h */; };
		E911B4F51375CF1C005316A9 /* string.c in Sources */ = {isa = PBXBuildFile; fileRef = E911B4F31375CF1C005316A9 /* string.c */; };
		E911B4F61375CF1C005316A9 /* string.h in Headers */ = {isa = PBXBuildFile; fileRef = E911B4F41375CF1C005316A9 /* string.h */; };
		E914F245133BD5C80014A480 /* libkernel.h in Headers */ = {isa = PBXBuildFile; fileRef = E914F232133BD5C80014A480 /* libkernel.h */; };
		E914F246133BD5C80014A480 /* stdint.h in Headers */ = {isa = PBXBuildFile; fileRef = E914F233133BD5C80014A480 /* stdint.h */; };
		E914F247133BD5C80014A480 /* syscall.c in Sources */ = {isa = PBXBuildFile; fileRef = E914F234133BD5C80014A480 /* syscall.c */; };
		E914F248133BD5C80014A480 /* syscall.h in Headers */ = {isa = PBXBuildFile; fileRef = E914F235133BD5C80014A480 /* syscall.h */; };
		E914F252133BD5C80014A480 /* Test.c in Sources */ = {isa = PBXBuildFile; fileRef = E914F242133BD5C80014A480 /* Test.c */; };
		E9339F9F13729BDB00B0050B /* stdlib.h in Headers */ = {isa = PBXBuildFile; fileRef = E9339F9D13729BDB00B0050B /* stdlib.h */; };
		E9339FA013729BDB00B0050B /* stdlib.c in Sources */ = {isa = PBXBuildFile; fileRef = E9339F9E13729BDB00B0050B /* stdlib.c */; };
		E94A05D3133D5FC300A8A08B /* pmemory.h in Headers */ = {isa = PBXBuildFile; fileRef = E94A05D1133D5FC300A8A08B /* pmemory.h */; };
		E94A05D4133D5FC400A8A08B /* pmemory.c in Sources */ = {isa = PBXBuildFile; fileRef = E94A05D2133D5FC300A8A08B /* pmemory.c */; };
		E94A05D7133D668800A8A08B /* vmemory.h in Headers */ = {isa = PBXBuildFile; fileRef = E94A05D5133D668800A8A08B /* vmemory.h */; };
		E94A05D8133D668800A8A08B /* vmemory.c in Sources */ = {isa = PBXBuildFile; fileRef = E94A05D6133D668800A8A08B /* vmemory.c */; };
		E94A05DB133D6D1D00A8A08B /* memory.h in Headers */ = {isa = PBXBuildFile; fileRef = E94A05D9133D6D1D00A8A08B /* memory.h */; };
		E94A05DC133D6D1D00A8A08B /* memory.c in Sources */ = {isa = PBXBuildFile; fileRef = E94A05DA133D6D1D00A8A08B /* memory.c */; };
		E96A0FBF1375372B001149EB /* ELF.c in Sources */ = {isa = PBXBuildFile; fileRef = E96A0FBE1375372B001149EB /* ELF.c */; };
		E96A0FC213754578001149EB /* Makefile in Sources */ = {isa = PBXBuildFile; fileRef = E96A0FC013754578001149EB /* Makefile */; };
		E96A0FC413754590001149EB /* Makefile in Sources */ = {isa = PBXBuildFile; fileRef = E96A0FC313754590001149EB /* Makefile */; };
		E979BF2C1347E49D002F4390 /* doxygen.h in Headers */ = {isa = PBXBuildFile; fileRef = E979BF2B1347E49D002F4390 /* doxygen.h */; };
		E988E138133CAD4C009A4C8E /* boot.S in Sources */ = {isa = PBXBuildFile; fileRef = E988E0E3133CAD4B009A4C8E /* boot.S */; };
		E988E139133CAD4C009A4C8E /* entry.c in Sources */ = {isa = PBXBuildFile; fileRef = E988E0E4133CAD4B009A4C8E /* entry.c */; };
		E988E13B133CAD4C009A4C8E /* multiboot.h in Headers */ = {isa = PBXBuildFile; fileRef = E988E0E6133CAD4B009A4C8E /* multiboot.h */; };
		E988E13C133CAD4C009A4C8E /* ELF.h in Headers */ = {isa = PBXBuildFile; fileRef = E988E0E8133CAD4B009A4C8E /* ELF.h */; };
		E988E13D133CAD4C009A4C8E /* loader.c in Sources */ = {isa = PBXBuildFile; fileRef = E988E0E9133CAD4B009A4C8E /* loader.c */; };
		E988E13E133CAD4C009A4C8E /* loader.h in Headers */ = {isa = PBXBuildFile; fileRef = E988E0EA133CAD4B009A4C8E /* loader.h */; };
		E988E140133CAD4C009A4C8E /* Makefile in Sources */ = {isa = PBXBuildFile; fileRef = E988E0EC133CAD4B009A4C8E /* Makefile */; };
		E988E141133CAD4C009A4C8E /* kernelTask.c in Sources */ = {isa = PBXBuildFile; fileRef = E988E0F0133CAD4B009A4C8E /* kernelTask.c */; };
		E988E143133CAD4C009A4C8E /* process.c in Sources */ = {isa = PBXBuildFile; fileRef = E988E0F2133CAD4B009A4C8E /* process.c */; };
		E988E144133CAD4C009A4C8E /* process.h in Headers */ = {isa = PBXBuildFile; fileRef = E988E0F3133CAD4B009A4C8E /* process.h */; };
		E988E145133CAD4C009A4C8E /* scheduler.c in Sources */ = {isa = PBXBuildFile; fileRef = E988E0F4133CAD4B009A4C8E /* scheduler.c */; };
		E988E146133CAD4C009A4C8E /* scheduler.h in Headers */ = {isa = PBXBuildFile; fileRef = E988E0F5133CAD4B009A4C8E /* scheduler.h */; };
		E988E148133CAD4C009A4C8E /* thread.c in Sources */ = {isa = PBXBuildFile; fileRef = E988E0F7133CAD4B009A4C8E /* thread.c */; };
		E988E149133CAD4C009A4C8E /* thread.h in Headers */ = {isa = PBXBuildFile; fileRef = E988E0F8133CAD4B009A4C8E /* thread.h */; };
		E988E14C133CAD4C009A4C8E /* assert.h in Headers */ = {isa = PBXBuildFile; fileRef = E988E0FD133CAD4B009A4C8E /* assert.h */; };
		E988E14D133CAD4C009A4C8E /* cmos.c in Sources */ = {isa = PBXBuildFile; fileRef = E988E0FE133CAD4B009A4C8E /* cmos.c */; };
		E988E14E133CAD4C009A4C8E /* cmos.h in Headers */ = {isa = PBXBuildFile; fileRef = E988E0FF133CAD4B009A4C8E /* cmos.h */; };
		E988E150133CAD4C009A4C8E /* console.c in Sources */ = {isa = PBXBuildFile; fileRef = E988E101133CAD4B009A4C8E /* console.c */; };
		E988E151133CAD4C009A4C8E /* console.h in Headers */ = {isa = PBXBuildFile; fileRef = E988E102133CAD4B009A4C8E /* console.h */; };
		E988E153133CAD4C009A4C8E /* debug.c in Sources */ = {isa = PBXBuildFile; fileRef = E988E104133CAD4B009A4C8E /* debug.c */; };
		E988E154133CAD4C009A4C8E /* debug.h in Headers */ = {isa = PBXBuildFile; fileRef = E988E105133CAD4B009A4C8E /* debug.h */; };
		E988E156133CAD4C009A4C8E /* gdt.c in Sources */ = {isa = PBXBuildFile; fileRef = E988E107133CAD4B009A4C8E /* gdt.c */; };
		E988E157133CAD4C009A4C8E /* gdt.h in Headers */ = {isa = PBXBuildFile; fileRef = E988E108133CAD4B009A4C8E /* gdt.h */; };
		E988E159133CAD4C009A4C8E /* idt.c in Sources */ = {isa = PBXBuildFile; fileRef = E988E10A133CAD4B009A4C8E /* idt.c */; };
		E988E15A133CAD4C009A4C8E /* idt.h in Headers */ = {isa = PBXBuildFile; fileRef = E988E10B133CAD4B009A4C8E /* idt.h */; };
		E988E15C133CAD4C009A4C8E /* interrupt.c in Sources */ = {isa = PBXBuildFile; fileRef = E988E10D133CAD4B009A4C8E /* interrupt.c */; };
		E988E15D133CAD4C009A4C8E /* interrupt.h in Headers */ = {isa = PBXBuildFile; fileRef = E988E10E133CAD4B009A4C8E /* interrupt.h */; };
		E988E160133CAD4C009A4C8E /* interrupts.S in Sources */ = {isa = PBXBuildFile; fileRef = E988E111133CAD4B009A4C8E /* interrupts.S */; };
		E988E161133CAD4C009A4C8E /* keyboard.c in Sources */ = {isa = PBXBuildFile; fileRef = E988E112133CAD4B009A4C8E /* keyboard.c */; };
		E988E162133CAD4C009A4C8E /* keyboard.h in Headers */ = {isa = PBXBuildFile; fileRef = E988E113133CAD4B009A4C8E /* keyboard.h */; };
		E988E164133CAD4C009A4C8E /* keymap.c in Sources */ = {isa = PBXBuildFile; fileRef = E988E115133CAD4B009A4C8E /* keymap.c */; };
		E988E165133CAD4C009A4C8E /* keymap.h in Headers */ = {isa = PBXBuildFile; fileRef = E988E116133CAD4B009A4C8E /* keymap.h */; };
		E988E167133CAD4C009A4C8E /* keymap_def.c in Sources */ = {isa = PBXBuildFile; fileRef = E988E118133CAD4B009A4C8E /* keymap_def.c */; };
		E988E168133CAD4C009A4C8E /* keymap_def.h in Headers */ = {isa = PBXBuildFile; fileRef = E988E119133CAD4B009A4C8E /* keymap_def.h */; };
		E988E16D133CAD4C009A4C8E /* panic.c in Sources */ = {isa = PBXBuildFile; fileRef = E988E11E133CAD4B009A4C8E /* panic.c */; };
		E988E16E133CAD4C009A4C8E /* panic.h in Headers */ = {isa = PBXBuildFile; fileRef = E988E11F133CAD4B009A4C8E /* panic.h */; };
		E988E170133CAD4C009A4C8E /* port.h in Headers */ = {isa = PBXBuildFile; fileRef = E988E121133CAD4B009A4C8E /* port.h */; };
		E988E171133CAD4C009A4C8E /* ps2.c in Sources */ = {isa = PBXBuildFile; fileRef = E988E122133CAD4B009A4C8E /* ps2.c */; };
		E988E172133CAD4C009A4C8E /* ps2.h in Headers */ = {isa = PBXBuildFile; fileRef = E988E123133CAD4B009A4C8E /* ps2.h */; };
		E988E174133CAD4C009A4C8E /* stdbool.h in Headers */ = {isa = PBXBuildFile; fileRef = E988E125133CAD4C009A4C8E /* stdbool.h */; };
		E988E175133CAD4C009A4C8E /* stdint.h in Headers */ = {isa = PBXBuildFile; fileRef = E988E126133CAD4C009A4C8E /* stdint.h */; };
		E988E176133CAD4C009A4C8E /* stdio.c in Sources */ = {isa = PBXBuildFile; fileRef = E988E127133CAD4C009A4C8E /* stdio.c */; };
		E988E177133CAD4C009A4C8E /* stdio.h in Headers */ = {isa = PBXBuildFile; fileRef = E988E128133CAD4C009A4C8E /* stdio.h */; };
		E988E179133CAD4C009A4C8E /* string.c in Sources */ = {isa = PBXBuildFile; fileRef = E988E12A133CAD4C009A4C8E /* string.c */; };
		E988E17A133CAD4C009A4C8E /* string.h in Headers */ = {isa = PBXBuildFile; fileRef = E988E12B133CAD4C009A4C8E /* string.h */; };
		E988E17C133CAD4C009A4C8E /* syscall.c in Sources */ = {isa = PBXBuildFile; fileRef = E988E12D133CAD4C009A4C8E /* syscall.c */; };
		E988E17D133CAD4C009A4C8E /* syscall.h in Headers */ = {isa = PBXBuildFile; fileRef = E988E12E133CAD4C009A4C8E /* syscall.h */; };
		E988E17F133CAD4C009A4C8E /* system.c in Sources */ = {isa = PBXBuildFile; fileRef = E988E130133CAD4C009A4C8E /* system.c */; };
		E988E180133CAD4C009A4C8E /* system.h in Headers */ = {isa = PBXBuildFile; fileRef = E988E131133CAD4C009A4C8E /* system.h */; };
		E988E182133CAD4C009A4C8E /* video.c in Sources */ = {isa = PBXBuildFile; fileRef = E988E134133CAD4C009A4C8E /* video.c */; };
		E988E183133CAD4C009A4C8E /* video.h in Headers */ = {isa = PBXBuildFile; fileRef = E988E135133CAD4C009A4C8E /* video.h */; };
		E988E187133D004A009A4C8E /* mutex.h in Headers */ = {isa = PBXBuildFile; fileRef = E988E185133D004A009A4C8E /* mutex.h */; };
		E988E188133D004A009A4C8E /* mutex.c in Sources */ = {isa = PBXBuildFile; fileRef = E988E186133D004A009A4C8E /* mutex.c */; };
/* End PBXBuildFile section */

/* Begin PBXFileReference section */
		E911B49A1375B9A4005316A9 /* main.c */ = {isa = PBXFileReference; fileEncoding = 4; lastKnownFileType = sourcecode.c.c; path = main.c; sourceTree = "<group>"; };
		E911B49B1375B9A4005316A9 /* Makefile */ = {isa = PBXFileReference; fileEncoding = 4; lastKnownFileType = sourcecode.make; path = Makefile; sourceTree = "<group>"; };
		E911B49C1375B9A4005316A9 /* Makefile_ld */ = {isa = PBXFileReference; fileEncoding = 4; lastKnownFileType = text; path = Makefile_ld; sourceTree = "<group>"; };
		E911B4C31375C9C8005316A9 /* process.h */ = {isa = PBXFileReference; fileEncoding = 4; lastKnownFileType = sourcecode.c.h; path = process.h; sourceTree = "<group>"; };
		E911B4C41375C9C8005316A9 /* process.c */ = {isa = PBXFileReference; fileEncoding = 4; lastKnownFileType = sourcecode.c.c; path = process.c; sourceTree = "<group>"; };
		E911B4D91375CC6C005316A9 /* stdio.c */ = {isa = PBXFileReference; fileEncoding = 4; lastKnownFileType = sourcecode.c.c; path = stdio.c; sourceTree = "<group>"; };
		E911B4DA1375CC6C005316A9 /* stdio.h */ = {isa = PBXFileReference; fileEncoding = 4; lastKnownFileType = sourcecode.c.h; path = stdio.h; sourceTree = "<group>"; };
		E911B4E21375CDAE005316A9 /* stdarg.h */ = {isa = PBXFileReference; fileEncoding = 4; lastKnownFileType = sourcecode.c.h; path = stdarg.h; sourceTree = "<group>"; };
		E911B4F31375CF1C005316A9 /* string.c */ = {isa = PBXFileReference; fileEncoding = 4; lastKnownFileType = sourcecode.c.c; path = string.c; sourceTree = "<group>"; };
		E911B4F41375CF1C005316A9 /* string.h */ = {isa = PBXFileReference; fileEncoding = 4; lastKnownFileType = sourcecode.c.h; path = string.h; sourceTree = "<group>"; };
		E914F232133BD5C80014A480 /* libkernel.h */ = {isa = PBXFileReference; fileEncoding = 4; lastKnownFileType = sourcecode.c.h; path = libkernel.h; sourceTree = "<group>"; };
		E914F233133BD5C80014A480 /* stdint.h */ = {isa = PBXFileReference; fileEncoding = 4; lastKnownFileType = sourcecode.c.h; path = stdint.h; sourceTree = "<group>"; };
		E914F234133BD5C80014A480 /* syscall.c */ = {isa = PBXFileReference; fileEncoding = 4; lastKnownFileType = sourcecode.c.c; path = syscall.c; sourceTree = "<group>"; };
		E914F235133BD5C80014A480 /* syscall.h */ = {isa = PBXFileReference; fileEncoding = 4; lastKnownFileType = sourcecode.c.h; path = syscall.h; sourceTree = "<group>"; };
		E914F242133BD5C80014A480 /* Test.c */ = {isa = PBXFileReference; fileEncoding = 4; lastKnownFileType = sourcecode.c.c; path = Test.c; sourceTree = "<group>"; };
		E9339F9D13729BDB00B0050B /* stdlib.h */ = {isa = PBXFileReference; fileEncoding = 4; lastKnownFileType = sourcecode.c.h; path = stdlib.h; sourceTree = "<group>"; };
		E9339F9E13729BDB00B0050B /* stdlib.c */ = {isa = PBXFileReference; fileEncoding = 4; lastKnownFileType = sourcecode.c.c; path = stdlib.c; sourceTree = "<group>"; };
		E94A05D1133D5FC300A8A08B /* pmemory.h */ = {isa = PBXFileReference; fileEncoding = 4; lastKnownFileType = sourcecode.c.h; path = pmemory.h; sourceTree = "<group>"; };
		E94A05D2133D5FC300A8A08B /* pmemory.c */ = {isa = PBXFileReference; fileEncoding = 4; lastKnownFileType = sourcecode.c.c; path = pmemory.c; sourceTree = "<group>"; };
		E94A05D5133D668800A8A08B /* vmemory.h */ = {isa = PBXFileReference; fileEncoding = 4; lastKnownFileType = sourcecode.c.h; path = vmemory.h; sourceTree = "<group>"; };
		E94A05D6133D668800A8A08B /* vmemory.c */ = {isa = PBXFileReference; fileEncoding = 4; lastKnownFileType = sourcecode.c.c; path = vmemory.c; sourceTree = "<group>"; };
		E94A05D9133D6D1D00A8A08B /* memory.h */ = {isa = PBXFileReference; fileEncoding = 4; lastKnownFileType = sourcecode.c.h; path = memory.h; sourceTree = "<group>"; };
		E94A05DA133D6D1D00A8A08B /* memory.c */ = {isa = PBXFileReference; fileEncoding = 4; lastKnownFileType = sourcecode.c.c; path = memory.c; sourceTree = "<group>"; };
		E96453CA122B16DB001A5754 /* NANOS */ = {isa = PBXFileReference; explicitFileType = "compiled.mach-o.executable"; includeInIndex = 0; path = NANOS; sourceTree = BUILT_PRODUCTS_DIR; };
		E96A0FBE1375372B001149EB /* ELF.c */ = {isa = PBXFileReference; fileEncoding = 4; lastKnownFileType = sourcecode.c.c; path = ELF.c; sourceTree = "<group>"; };
		E96A0FC013754578001149EB /* Makefile */ = {isa = PBXFileReference; fileEncoding = 4; lastKnownFileType = sourcecode.make; path = Makefile; sourceTree = "<group>"; };
		E96A0FC113754578001149EB /* Makefile_ld */ = {isa = PBXFileReference; fileEncoding = 4; lastKnownFileType = text; path = Makefile_ld; sourceTree = "<group>"; };
		E96A0FC313754590001149EB /* Makefile */ = {isa = PBXFileReference; fileEncoding = 4; lastKnownFileType = sourcecode.make; path = Makefile; sourceTree = "<group>"; };
		E96A0FC513754F0D001149EB /* build.sh */ = {isa = PBXFileReference; fileEncoding = 4; lastKnownFileType = text.script.sh; name = build.sh; path = ../build.sh; sourceTree = SOURCE_ROOT; };
		E96A0FC613754F0D001149EB /* clean.sh */ = {isa = PBXFileReference; fileEncoding = 4; lastKnownFileType = text.script.sh; name = clean.sh; path = ../clean.sh; sourceTree = SOURCE_ROOT; };
		E96A0FC713754F0D001149EB /* complete.sh */ = {isa = PBXFileReference; fileEncoding = 4; lastKnownFileType = text.script.sh; name = complete.sh; path = ../complete.sh; sourceTree = SOURCE_ROOT; };
		E96A0FCB13755329001149EB /* createImage.sh */ = {isa = PBXFileReference; fileEncoding = 4; lastKnownFileType = text.script.sh; path = createImage.sh; sourceTree = "<group>"; };
		E96A0FCC13755329001149EB /* grub.cfg */ = {isa = PBXFileReference; fileEncoding = 4; lastKnownFileType = text; path = grub.cfg; sourceTree = "<group>"; };
		E979BF2B1347E49D002F4390 /* doxygen.h */ = {isa = PBXFileReference; fileEncoding = 4; lastKnownFileType = sourcecode.c.h; path = doxygen.h; sourceTree = "<group>"; };
		E988E0E3133CAD4B009A4C8E /* boot.S */ = {isa = PBXFileReference; fileEncoding = 4; lastKnownFileType = sourcecode.asm; path = boot.S; sourceTree = "<group>"; };
		E988E0E4133CAD4B009A4C8E /* entry.c */ = {isa = PBXFileReference; fileEncoding = 4; lastKnownFileType = sourcecode.c.c; path = entry.c; sourceTree = "<group>"; };
		E988E0E6133CAD4B009A4C8E /* multiboot.h */ = {isa = PBXFileReference; fileEncoding = 4; lastKnownFileType = sourcecode.c.h; path = multiboot.h; sourceTree = "<group>"; };
		E988E0E8133CAD4B009A4C8E /* ELF.h */ = {isa = PBXFileReference; fileEncoding = 4; lastKnownFileType = sourcecode.c.h; path = ELF.h; sourceTree = "<group>"; };
		E988E0E9133CAD4B009A4C8E /* loader.c */ = {isa = PBXFileReference; fileEncoding = 4; lastKnownFileType = sourcecode.c.c; path = loader.c; sourceTree = "<group>"; };
		E988E0EA133CAD4B009A4C8E /* loader.h */ = {isa = PBXFileReference; fileEncoding = 4; lastKnownFileType = sourcecode.c.h; path = loader.h; sourceTree = "<group>"; };
		E988E0EC133CAD4B009A4C8E /* Makefile */ = {isa = PBXFileReference; fileEncoding = 4; lastKnownFileType = sourcecode.make; path = Makefile; sourceTree = "<group>"; };
		E988E0ED133CAD4B009A4C8E /* Makefile_ld */ = {isa = PBXFileReference; fileEncoding = 4; lastKnownFileType = text; path = Makefile_ld; sourceTree = "<group>"; };
		E988E0F0133CAD4B009A4C8E /* kernelTask.c */ = {isa = PBXFileReference; fileEncoding = 4; lastKnownFileType = sourcecode.c.c; path = kernelTask.c; sourceTree = "<group>"; };
		E988E0F2133CAD4B009A4C8E /* process.c */ = {isa = PBXFileReference; fileEncoding = 4; lastKnownFileType = sourcecode.c.c; path = process.c; sourceTree = "<group>"; };
		E988E0F3133CAD4B009A4C8E /* process.h */ = {isa = PBXFileReference; fileEncoding = 4; lastKnownFileType = sourcecode.c.h; path = process.h; sourceTree = "<group>"; };
		E988E0F4133CAD4B009A4C8E /* scheduler.c */ = {isa = PBXFileReference; fileEncoding = 4; lastKnownFileType = sourcecode.c.c; path = scheduler.c; sourceTree = "<group>"; };
		E988E0F5133CAD4B009A4C8E /* scheduler.h */ = {isa = PBXFileReference; fileEncoding = 4; lastKnownFileType = sourcecode.c.h; path = scheduler.h; sourceTree = "<group>"; };
		E988E0F7133CAD4B009A4C8E /* thread.c */ = {isa = PBXFileReference; fileEncoding = 4; lastKnownFileType = sourcecode.c.c; path = thread.c; sourceTree = "<group>"; };
		E988E0F8133CAD4B009A4C8E /* thread.h */ = {isa = PBXFileReference; fileEncoding = 4; lastKnownFileType = sourcecode.c.h; path = thread.h; sourceTree = "<group>"; };
		E988E0FD133CAD4B009A4C8E /* assert.h */ = {isa = PBXFileReference; fileEncoding = 4; lastKnownFileType = sourcecode.c.h; path = assert.h; sourceTree = "<group>"; };
		E988E0FE133CAD4B009A4C8E /* cmos.c */ = {isa = PBXFileReference; fileEncoding = 4; lastKnownFileType = sourcecode.c.c; path = cmos.c; sourceTree = "<group>"; };
		E988E0FF133CAD4B009A4C8E /* cmos.h */ = {isa = PBXFileReference; fileEncoding = 4; lastKnownFileType = sourcecode.c.h; path = cmos.h; sourceTree = "<group>"; };
		E988E101133CAD4B009A4C8E /* console.c */ = {isa = PBXFileReference; fileEncoding = 4; lastKnownFileType = sourcecode.c.c; path = console.c; sourceTree = "<group>"; };
		E988E102133CAD4B009A4C8E /* console.h */ = {isa = PBXFileReference; fileEncoding = 4; lastKnownFileType = sourcecode.c.h; path = console.h; sourceTree = "<group>"; };
		E988E104133CAD4B009A4C8E /* debug.c */ = {isa = PBXFileReference; fileEncoding = 4; lastKnownFileType = sourcecode.c.c; path = debug.c; sourceTree = "<group>"; };
		E988E105133CAD4B009A4C8E /* debug.h */ = {isa = PBXFileReference; fileEncoding = 4; lastKnownFileType = sourcecode.c.h; path = debug.h; sourceTree = "<group>"; };
		E988E107133CAD4B009A4C8E /* gdt.c */ = {isa = PBXFileReference; fileEncoding = 4; lastKnownFileType = sourcecode.c.c; path = gdt.c; sourceTree = "<group>"; };
		E988E108133CAD4B009A4C8E /* gdt.h */ = {isa = PBXFileReference; fileEncoding = 4; lastKnownFileType = sourcecode.c.h; path = gdt.h; sourceTree = "<group>"; };
		E988E10A133CAD4B009A4C8E /* idt.c */ = {isa = PBXFileReference; fileEncoding = 4; lastKnownFileType = sourcecode.c.c; path = idt.c; sourceTree = "<group>"; };
		E988E10B133CAD4B009A4C8E /* idt.h */ = {isa = PBXFileReference; fileEncoding = 4; lastKnownFileType = sourcecode.c.h; path = idt.h; sourceTree = "<group>"; };
		E988E10D133CAD4B009A4C8E /* interrupt.c */ = {isa = PBXFileReference; fileEncoding = 4; lastKnownFileType = sourcecode.c.c; path = interrupt.c; sourceTree = "<group>"; };
		E988E10E133CAD4B009A4C8E /* interrupt.h */ = {isa = PBXFileReference; fileEncoding = 4; lastKnownFileType = sourcecode.c.h; path = interrupt.h; sourceTree = "<group>"; };
		E988E111133CAD4B009A4C8E /* interrupts.S */ = {isa = PBXFileReference; fileEncoding = 4; lastKnownFileType = sourcecode.asm; path = interrupts.S; sourceTree = "<group>"; };
		E988E112133CAD4B009A4C8E /* keyboard.c */ = {isa = PBXFileReference; fileEncoding = 4; lastKnownFileType = sourcecode.c.c; path = keyboard.c; sourceTree = "<group>"; };
		E988E113133CAD4B009A4C8E /* keyboard.h */ = {isa = PBXFileReference; fileEncoding = 4; lastKnownFileType = sourcecode.c.h; path = keyboard.h; sourceTree = "<group>"; };
		E988E115133CAD4B009A4C8E /* keymap.c */ = {isa = PBXFileReference; fileEncoding = 4; lastKnownFileType = sourcecode.c.c; path = keymap.c; sourceTree = "<group>"; };
		E988E116133CAD4B009A4C8E /* keymap.h */ = {isa = PBXFileReference; fileEncoding = 4; lastKnownFileType = sourcecode.c.h; path = keymap.h; sourceTree = "<group>"; };
		E988E118133CAD4B009A4C8E /* keymap_def.c */ = {isa = PBXFileReference; fileEncoding = 4; lastKnownFileType = sourcecode.c.c; path = keymap_def.c; sourceTree = "<group>"; };
		E988E119133CAD4B009A4C8E /* keymap_def.h */ = {isa = PBXFileReference; fileEncoding = 4; lastKnownFileType = sourcecode.c.h; path = keymap_def.h; sourceTree = "<group>"; };
		E988E11E133CAD4B009A4C8E /* panic.c */ = {isa = PBXFileReference; fileEncoding = 4; lastKnownFileType = sourcecode.c.c; path = panic.c; sourceTree = "<group>"; };
		E988E11F133CAD4B009A4C8E /* panic.h */ = {isa = PBXFileReference; fileEncoding = 4; lastKnownFileType = sourcecode.c.h; path = panic.h; sourceTree = "<group>"; };
		E988E121133CAD4B009A4C8E /* port.h */ = {isa = PBXFileReference; fileEncoding = 4; lastKnownFileType = sourcecode.c.h; path = port.h; sourceTree = "<group>"; };
		E988E122133CAD4B009A4C8E /* ps2.c */ = {isa = PBXFileReference; fileEncoding = 4; lastKnownFileType = sourcecode.c.c; path = ps2.c; sourceTree = "<group>"; };
		E988E123133CAD4B009A4C8E /* ps2.h */ = {isa = PBXFileReference; fileEncoding = 4; lastKnownFileType = sourcecode.c.h; path = ps2.h; sourceTree = "<group>"; };
		E988E125133CAD4C009A4C8E /* stdbool.h */ = {isa = PBXFileReference; fileEncoding = 4; lastKnownFileType = sourcecode.c.h; path = stdbool.h; sourceTree = "<group>"; };
		E988E126133CAD4C009A4C8E /* stdint.h */ = {isa = PBXFileReference; fileEncoding = 4; lastKnownFileType = sourcecode.c.h; path = stdint.h; sourceTree = "<group>"; };
		E988E127133CAD4C009A4C8E /* stdio.c */ = {isa = PBXFileReference; fileEncoding = 4; lastKnownFileType = sourcecode.c.c; path = stdio.c; sourceTree = "<group>"; };
		E988E128133CAD4C009A4C8E /* stdio.h */ = {isa = PBXFileReference; fileEncoding = 4; lastKnownFileType = sourcecode.c.h; path = stdio.h; sourceTree = "<group>"; };
		E988E12A133CAD4C009A4C8E /* string.c */ = {isa = PBXFileReference; fileEncoding = 4; lastKnownFileType = sourcecode.c.c; path = string.c; sourceTree = "<group>"; };
		E988E12B133CAD4C009A4C8E /* string.h */ = {isa = PBXFileReference; fileEncoding = 4; lastKnownFileType = sourcecode.c.h; path = string.h; sourceTree = "<group>"; };
		E988E12D133CAD4C009A4C8E /* syscall.c */ = {isa = PBXFileReference; fileEncoding = 4; lastKnownFileType = sourcecode.c.c; path = syscall.c; sourceTree = "<group>"; };
		E988E12E133CAD4C009A4C8E /* syscall.h */ = {isa = PBXFileReference; fileEncoding = 4; lastKnownFileType = sourcecode.c.h; path = syscall.h; sourceTree = "<group>"; };
		E988E130133CAD4C009A4C8E /* system.c */ = {isa = PBXFileReference; fileEncoding = 4; lastKnownFileType = sourcecode.c.c; path = system.c; sourceTree = "<group>"; };
		E988E131133CAD4C009A4C8E /* system.h */ = {isa = PBXFileReference; fileEncoding = 4; lastKnownFileType = sourcecode.c.h; path = system.h; sourceTree = "<group>"; };
		E988E134133CAD4C009A4C8E /* video.c */ = {isa = PBXFileReference; fileEncoding = 4; lastKnownFileType = sourcecode.c.c; path = video.c; sourceTree = "<group>"; };
		E988E135133CAD4C009A4C8E /* video.h */ = {isa = PBXFileReference; fileEncoding = 4; lastKnownFileType = sourcecode.c.h; path = video.h; sourceTree = "<group>"; };
		E988E185133D004A009A4C8E /* mutex.h */ = {isa = PBXFileReference; fileEncoding = 4; lastKnownFileType = sourcecode.c.h; path = mutex.h; sourceTree = "<group>"; };
		E988E186133D004A009A4C8E /* mutex.c */ = {isa = PBXFileReference; fileEncoding = 4; lastKnownFileType = sourcecode.c.c; path = mutex.c; sourceTree = "<group>"; };
/* End PBXFileReference section */

/* Begin PBXFrameworksBuildPhase section */
		E96453C8122B16DB001A5754 /* Frameworks */ = {
			isa = PBXFrameworksBuildPhase;
			buildActionMask = 2147483647;
			files = (
			);
			runOnlyForDeploymentPostprocessing = 0;
		};
/* End PBXFrameworksBuildPhase section */

/* Begin PBXGroup section */
		08FB7794FE84155DC02AAC07 /* Kernel */ = {
			isa = PBXGroup;
			children = (
				E96A0FC913755329001149EB /* Build */,
				E914F181133BD5A60014A480 /* Kernel */,
				E914F230133BD5C80014A480 /* Libraries */,
				E914F239133BD5C80014A480 /* Programs */,
				E96A0FC813754F19001149EB /* Scripts */,
				E9E5917F12229A0800FB9D0F /* Products */,
			);
			name = Kernel;
			sourceTree = "<group>";
		};
		E911B4991375B9A4005316A9 /* Shell */ = {
			isa = PBXGroup;
			children = (
				E911B49A1375B9A4005316A9 /* main.c */,
				E911B49B1375B9A4005316A9 /* Makefile */,
				E911B49C1375B9A4005316A9 /* Makefile_ld */,
			);
			path = Shell;
			sourceTree = "<group>";
		};
		E914F181133BD5A60014A480 /* Kernel */ = {
			isa = PBXGroup;
			children = (
				E979BF2B1347E49D002F4390 /* doxygen.h */,
				E988E0E1133CAD4B009A4C8E /* boot */,
				E988E0E7133CAD4B009A4C8E /* loader */,
				E988E0EE133CAD4B009A4C8E /* memory */,
				E988E0EF133CAD4B009A4C8E /* scheduler */,
				E988E0FC133CAD4B009A4C8E /* system */,
				E988E133133CAD4C009A4C8E /* video */,
				E988E0EC133CAD4B009A4C8E /* Makefile */,
				E988E0ED133CAD4B009A4C8E /* Makefile_ld */,
			);
			name = Kernel;
			path = ../Kernel;
			sourceTree = SOURCE_ROOT;
		};
		E914F230133BD5C80014A480 /* Libraries */ = {
			isa = PBXGroup;
			children = (
				E914F231133BD5C80014A480 /* libkernel */,
			);
			name = Libraries;
			path = ../Libraries;
			sourceTree = SOURCE_ROOT;
		};
		E914F231133BD5C80014A480 /* libkernel */ = {
			isa = PBXGroup;
			children = (
				E96A0FC313754590001149EB /* Makefile */,
				E914F232133BD5C80014A480 /* libkernel.h */,
				E914F233133BD5C80014A480 /* stdint.h */,
				E9339F9E13729BDB00B0050B /* stdlib.c */,
				E9339F9D13729BDB00B0050B /* stdlib.h */,
				E911B4D91375CC6C005316A9 /* stdio.c */,
				E911B4DA1375CC6C005316A9 /* stdio.h */,
				E911B4C41375C9C8005316A9 /* process.c */,
				E911B4C31375C9C8005316A9 /* process.h */,
				E911B4F31375CF1C005316A9 /* string.c */,
				E911B4F41375CF1C005316A9 /* string.h */,
				E914F234133BD5C80014A480 /* syscall.c */,
				E914F235133BD5C80014A480 /* syscall.h */,
			);
			path = libkernel;
			sourceTree = "<group>";
		};
		E914F239133BD5C80014A480 /* Programs */ = {
			isa = PBXGroup;
			children = (
				E911B4991375B9A4005316A9 /* Shell */,
				E914F23C133BD5C80014A480 /* Test */,
			);
			name = Programs;
			path = ../Programs;
			sourceTree = SOURCE_ROOT;
		};
		E914F23C133BD5C80014A480 /* Test */ = {
			isa = PBXGroup;
			children = (
				E96A0FC013754578001149EB /* Makefile */,
				E96A0FC113754578001149EB /* Makefile_ld */,
				E914F242133BD5C80014A480 /* Test.c */,
			);
			path = Test;
			sourceTree = "<group>";
		};
		E96A0FC813754F19001149EB /* Scripts */ = {
			isa = PBXGroup;
			children = (
				E96A0FC513754F0D001149EB /* build.sh */,
				E96A0FC613754F0D001149EB /* clean.sh */,
				E96A0FC713754F0D001149EB /* complete.sh */,
			);
			name = Scripts;
			sourceTree = "<group>";
		};
		E96A0FC913755329001149EB /* Build */ = {
			isa = PBXGroup;
			children = (
				E96A0FCB13755329001149EB /* createImage.sh */,
				E96A0FCC13755329001149EB /* grub.cfg */,
			);
			name = Build;
			path = ../Build;
			sourceTree = SOURCE_ROOT;
		};
		E988E0E1133CAD4B009A4C8E /* boot */ = {
			isa = PBXGroup;
			children = (
				E988E0E3133CAD4B009A4C8E /* boot.S */,
				E988E0E4133CAD4B009A4C8E /* entry.c */,
				E988E0E6133CAD4B009A4C8E /* multiboot.h */,
			);
			path = boot;
			sourceTree = "<group>";
		};
		E988E0E7133CAD4B009A4C8E /* loader */ = {
			isa = PBXGroup;
			children = (
				E988E0E8133CAD4B009A4C8E /* ELF.h */,
				E96A0FBE1375372B001149EB /* ELF.c */,
				E988E0E9133CAD4B009A4C8E /* loader.c */,
				E988E0EA133CAD4B009A4C8E /* loader.h */,
			);
			path = loader;
			sourceTree = "<group>";
		};
		E988E0EE133CAD4B009A4C8E /* memory */ = {
			isa = PBXGroup;
			children = (
				E94A05D9133D6D1D00A8A08B /* memory.h */,
				E94A05DA133D6D1D00A8A08B /* memory.c */,
				E94A05D1133D5FC300A8A08B /* pmemory.h */,
				E94A05D2133D5FC300A8A08B /* pmemory.c */,
				E94A05D5133D668800A8A08B /* vmemory.h */,
				E94A05D6133D668800A8A08B /* vmemory.c */,
			);
			path = memory;
			sourceTree = "<group>";
		};
		E988E0EF133CAD4B009A4C8E /* scheduler */ = {
			isa = PBXGroup;
			children = (
				E988E0F0133CAD4B009A4C8E /* kernelTask.c */,
				E988E186133D004A009A4C8E /* mutex.c */,
				E988E185133D004A009A4C8E /* mutex.h */,
				E988E0F2133CAD4B009A4C8E /* process.c */,
				E988E0F3133CAD4B009A4C8E /* process.h */,
				E988E0F4133CAD4B009A4C8E /* scheduler.c */,
				E988E0F5133CAD4B009A4C8E /* scheduler.h */,
				E988E0F7133CAD4B009A4C8E /* thread.c */,
				E988E0F8133CAD4B009A4C8E /* thread.h */,
			);
			path = scheduler;
			sourceTree = "<group>";
		};
		E988E0FC133CAD4B009A4C8E /* system */ = {
			isa = PBXGroup;
			children = (
				E988E0FD133CAD4B009A4C8E /* assert.h */,
				E988E0FE133CAD4B009A4C8E /* cmos.c */,
				E988E0FF133CAD4B009A4C8E /* cmos.h */,
				E988E101133CAD4B009A4C8E /* console.c */,
				E988E102133CAD4B009A4C8E /* console.h */,
				E988E104133CAD4B009A4C8E /* debug.c */,
				E988E105133CAD4B009A4C8E /* debug.h */,
				E988E107133CAD4B009A4C8E /* gdt.c */,
				E988E108133CAD4B009A4C8E /* gdt.h */,
				E988E10A133CAD4B009A4C8E /* idt.c */,
				E988E10B133CAD4B009A4C8E /* idt.h */,
				E988E10D133CAD4B009A4C8E /* interrupt.c */,
				E988E10E133CAD4B009A4C8E /* interrupt.h */,
				E988E111133CAD4B009A4C8E /* interrupts.S */,
				E988E112133CAD4B009A4C8E /* keyboard.c */,
				E988E113133CAD4B009A4C8E /* keyboard.h */,
				E988E115133CAD4B009A4C8E /* keymap.c */,
				E988E116133CAD4B009A4C8E /* keymap.h */,
				E988E118133CAD4B009A4C8E /* keymap_def.c */,
				E988E119133CAD4B009A4C8E /* keymap_def.h */,
				E988E11E133CAD4B009A4C8E /* panic.c */,
				E988E11F133CAD4B009A4C8E /* panic.h */,
				E988E121133CAD4B009A4C8E /* port.h */,
				E988E122133CAD4B009A4C8E /* ps2.c */,
				E988E123133CAD4B009A4C8E /* ps2.h */,
				E911B4E21375CDAE005316A9 /* stdarg.h */,
				E988E125133CAD4C009A4C8E /* stdbool.h */,
				E988E126133CAD4C009A4C8E /* stdint.h */,
				E988E127133CAD4C009A4C8E /* stdio.c */,
				E988E128133CAD4C009A4C8E /* stdio.h */,
				E988E12A133CAD4C009A4C8E /* string.c */,
				E988E12B133CAD4C009A4C8E /* string.h */,
				E988E12D133CAD4C009A4C8E /* syscall.c */,
				E988E12E133CAD4C009A4C8E /* syscall.h */,
				E988E130133CAD4C009A4C8E /* system.c */,
				E988E131133CAD4C009A4C8E /* system.h */,
			);
			path = system;
			sourceTree = "<group>";
		};
		E988E133133CAD4C009A4C8E /* video */ = {
			isa = PBXGroup;
			children = (
				E988E134133CAD4C009A4C8E /* video.c */,
				E988E135133CAD4C009A4C8E /* video.h */,
			);
			path = video;
			sourceTree = "<group>";
		};
		E9E5917F12229A0800FB9D0F /* Products */ = {
			isa = PBXGroup;
			children = (
				E96453CA122B16DB001A5754 /* NANOS */,
			);
			name = Products;
			sourceTree = "<group>";
		};
/* End PBXGroup section */

/* Begin PBXHeadersBuildPhase section */
		E9B2E61B122CE12F009B9D91 /* Headers */ = {
			isa = PBXHeadersBuildPhase;
			buildActionMask = 2147483647;
			files = (
				E914F245133BD5C80014A480 /* libkernel.h in Headers */,
				E914F246133BD5C80014A480 /* stdint.h in Headers */,
				E914F248133BD5C80014A480 /* syscall.h in Headers */,
				E988E13B133CAD4C009A4C8E /* multiboot.h in Headers */,
				E988E13C133CAD4C009A4C8E /* ELF.h in Headers */,
				E988E13E133CAD4C009A4C8E /* loader.h in Headers */,
				E988E144133CAD4C009A4C8E /* process.h in Headers */,
				E988E146133CAD4C009A4C8E /* scheduler.h in Headers */,
				E988E149133CAD4C009A4C8E /* thread.h in Headers */,
				E988E14C133CAD4C009A4C8E /* assert.h in Headers */,
				E988E14E133CAD4C009A4C8E /* cmos.h in Headers */,
				E988E151133CAD4C009A4C8E /* console.h in Headers */,
				E988E154133CAD4C009A4C8E /* debug.h in Headers */,
				E988E157133CAD4C009A4C8E /* gdt.h in Headers */,
				E988E15A133CAD4C009A4C8E /* idt.h in Headers */,
				E988E15D133CAD4C009A4C8E /* interrupt.h in Headers */,
				E988E162133CAD4C009A4C8E /* keyboard.h in Headers */,
				E988E165133CAD4C009A4C8E /* keymap.h in Headers */,
				E988E168133CAD4C009A4C8E /* keymap_def.h in Headers */,
				E988E16E133CAD4C009A4C8E /* panic.h in Headers */,
				E988E170133CAD4C009A4C8E /* port.h in Headers */,
				E988E172133CAD4C009A4C8E /* ps2.h in Headers */,
				E988E174133CAD4C009A4C8E /* stdbool.h in Headers */,
				E988E175133CAD4C009A4C8E /* stdint.h in Headers */,
				E988E177133CAD4C009A4C8E /* stdio.h in Headers */,
				E988E17A133CAD4C009A4C8E /* string.h in Headers */,
				E988E17D133CAD4C009A4C8E /* syscall.h in Headers */,
				E988E180133CAD4C009A4C8E /* system.h in Headers */,
				E988E183133CAD4C009A4C8E /* video.h in Headers */,
				E988E187133D004A009A4C8E /* mutex.h in Headers */,
				E94A05D3133D5FC300A8A08B /* pmemory.h in Headers */,
				E94A05D7133D668800A8A08B /* vmemory.h in Headers */,
				E94A05DB133D6D1D00A8A08B /* memory.h in Headers */,
				E979BF2C1347E49D002F4390 /* doxygen.h in Headers */,
				E9339F9F13729BDB00B0050B /* stdlib.h in Headers */,
				E911B4C51375C9C8005316A9 /* process.h in Headers */,
				E911B4DC1375CC6C005316A9 /* stdio.h in Headers */,
				E911B4E31375CDAE005316A9 /* stdarg.h in Headers */,
				E911B4F61375CF1C005316A9 /* string.h in Headers */,
			);
			runOnlyForDeploymentPostprocessing = 0;
		};
/* End PBXHeadersBuildPhase section */

/* Begin PBXNativeTarget section */
		E96453C9122B16DB001A5754 /* NANOS */ = {
			isa = PBXNativeTarget;
			buildConfigurationList = E96453D2122B16FA001A5754 /* Build configuration list for PBXNativeTarget "NANOS" */;
			buildPhases = (
				E96453C7122B16DB001A5754 /* Sources */,
				E96453C8122B16DB001A5754 /* Frameworks */,
				E9B2E61B122CE12F009B9D91 /* Headers */,
			);
			buildRules = (
			);
			dependencies = (
			);
			name = NANOS;
			productName = NANOS;
			productReference = E96453CA122B16DB001A5754 /* NANOS */;
			productType = "com.apple.product-type.tool";
		};
/* End PBXNativeTarget section */

/* Begin PBXProject section */
		08FB7793FE84155DC02AAC07 /* Project object */ = {
			isa = PBXProject;
			buildConfigurationList = 1DEB919308733D9F0010E9CD /* Build configuration list for PBXProject "Kernel" */;
			compatibilityVersion = "Xcode 3.1";
			developmentRegion = English;
			hasScannedForEncodings = 1;
			knownRegions = (
				English,
				Japanese,
				French,
				German,
			);
			mainGroup = 08FB7794FE84155DC02AAC07 /* Kernel */;
			productRefGroup = 08FB7794FE84155DC02AAC07 /* Kernel */;
			projectDirPath = "";
			projectRoot = "";
			targets = (
				E96453C9122B16DB001A5754 /* NANOS */,
			);
		};
/* End PBXProject section */

/* Begin PBXSourcesBuildPhase section */
		E96453C7122B16DB001A5754 /* Sources */ = {
			isa = PBXSourcesBuildPhase;
			buildActionMask = 2147483647;
			files = (
				E914F247133BD5C80014A480 /* syscall.c in Sources */,
				E914F252133BD5C80014A480 /* Test.c in Sources */,
				E988E138133CAD4C009A4C8E /* boot.S in Sources */,
				E988E139133CAD4C009A4C8E /* entry.c in Sources */,
				E988E13D133CAD4C009A4C8E /* loader.c in Sources */,
				E988E140133CAD4C009A4C8E /* Makefile in Sources */,
				E988E141133CAD4C009A4C8E /* kernelTask.c in Sources */,
				E988E143133CAD4C009A4C8E /* process.c in Sources */,
				E988E145133CAD4C009A4C8E /* scheduler.c in Sources */,
				E988E148133CAD4C009A4C8E /* thread.c in Sources */,
				E988E14D133CAD4C009A4C8E /* cmos.c in Sources */,
				E988E150133CAD4C009A4C8E /* console.c in Sources */,
				E988E153133CAD4C009A4C8E /* debug.c in Sources */,
				E988E156133CAD4C009A4C8E /* gdt.c in Sources */,
				E988E159133CAD4C009A4C8E /* idt.c in Sources */,
				E988E15C133CAD4C009A4C8E /* interrupt.c in Sources */,
				E988E160133CAD4C009A4C8E /* interrupts.S in Sources */,
				E988E161133CAD4C009A4C8E /* keyboard.c in Sources */,
				E988E164133CAD4C009A4C8E /* keymap.c in Sources */,
				E988E167133CAD4C009A4C8E /* keymap_def.c in Sources */,
				E988E16D133CAD4C009A4C8E /* panic.c in Sources */,
				E988E171133CAD4C009A4C8E /* ps2.c in Sources */,
				E988E176133CAD4C009A4C8E /* stdio.c in Sources */,
				E988E179133CAD4C009A4C8E /* string.c in Sources */,
				E988E17C133CAD4C009A4C8E /* syscall.c in Sources */,
				E988E17F133CAD4C009A4C8E /* system.c in Sources */,
				E988E182133CAD4C009A4C8E /* video.c in Sources */,
				E988E188133D004A009A4C8E /* mutex.c in Sources */,
				E94A05D4133D5FC400A8A08B /* pmemory.c in Sources */,
				E94A05D8133D668800A8A08B /* vmemory.c in Sources */,
				E94A05DC133D6D1D00A8A08B /* memory.c in Sources */,
				E9339FA013729BDB00B0050B /* stdlib.c in Sources */,
				E96A0FBF1375372B001149EB /* ELF.c in Sources */,
				E96A0FC213754578001149EB /* Makefile in Sources */,
				E96A0FC413754590001149EB /* Makefile in Sources */,
				E911B49D1375B9A4005316A9 /* main.c in Sources */,
				E911B49E1375B9A4005316A9 /* Makefile in Sources */,
				E911B4C61375C9C8005316A9 /* process.c in Sources */,
				E911B4DB1375CC6C005316A9 /* stdio.c in Sources */,
				E911B4F51375CF1C005316A9 /* string.c in Sources */,
			);
			runOnlyForDeploymentPostprocessing = 0;
		};
/* End PBXSourcesBuildPhase section */

/* Begin XCBuildConfiguration section */
		1DEB919408733D9F0010E9CD /* Build */ = {
			isa = XCBuildConfiguration;
			buildSettings = {
				MACOSX_DEPLOYMENT_TARGET = 10.5;
				PRODUCT_NAME = NANOS;
				SDKROOT = macosx10.6;
			};
			name = Build;
		};
		E93BE26011FC4EE4006EA4BD /* Debug */ = {
			isa = XCBuildConfiguration;
			buildSettings = {
				SDKROOT = macosx10.6;
			};
			name = Debug;
		};
		E93BE26111FC4EE4006EA4BD /* Release */ = {
			isa = XCBuildConfiguration;
			buildSettings = {
				SDKROOT = macosx10.6;
			};
			name = Release;
		};
		E96453CC122B16DC001A5754 /* Build */ = {
			isa = XCBuildConfiguration;
			buildSettings = {
				ALWAYS_SEARCH_USER_PATHS = NO;
				GCC_ENABLE_FIX_AND_CONTINUE = YES;
				GCC_MODEL_TUNING = G5;
				INSTALL_PATH = /usr/local/bin;
				LIBRARY_SEARCH_PATHS = (
					"$(inherited)",
					"\"$(SRCROOT)/../Libraries\"",
				);
				PREBINDING = NO;
				PRODUCT_NAME = NANOS;
			};
			name = Build;
		};
		E96453CD122B16DC001A5754 /* Debug */ = {
			isa = XCBuildConfiguration;
			buildSettings = {
				ALWAYS_SEARCH_USER_PATHS = NO;
				COPY_PHASE_STRIP = NO;
				GCC_DYNAMIC_NO_PIC = NO;
				GCC_ENABLE_FIX_AND_CONTINUE = YES;
				GCC_MODEL_TUNING = G5;
				GCC_OPTIMIZATION_LEVEL = 0;
				INSTALL_PATH = /usr/local/bin;
				LIBRARY_SEARCH_PATHS = (
					"$(inherited)",
					"\"$(SRCROOT)/../Libraries\"",
				);
				PREBINDING = NO;
				PRODUCT_NAME = NANOS;
			};
			name = Debug;
		};
		E96453CE122B16DC001A5754 /* Release */ = {
			isa = XCBuildConfiguration;
			buildSettings = {
				ALWAYS_SEARCH_USER_PATHS = NO;
				COPY_PHASE_STRIP = YES;
				DEBUG_INFORMATION_FORMAT = "dwarf-with-dsym";
				GCC_ENABLE_FIX_AND_CONTINUE = NO;
				GCC_MODEL_TUNING = G5;
				INSTALL_PATH = /usr/local/bin;
				LIBRARY_SEARCH_PATHS = (
					"$(inherited)",
					"\"$(SRCROOT)/../Libraries\"",
				);
				PREBINDING = NO;
				PRODUCT_NAME = NANOS;
				ZERO_LINK = NO;
			};
			name = Release;
		};
/* End XCBuildConfiguration section */

/* Begin XCConfigurationList section */
		1DEB919308733D9F0010E9CD /* Build configuration list for PBXProject "Kernel" */ = {
			isa = XCConfigurationList;
			buildConfigurations = (
				1DEB919408733D9F0010E9CD /* Build */,
				E93BE26011FC4EE4006EA4BD /* Debug */,
				E93BE26111FC4EE4006EA4BD /* Release */,
			);
			defaultConfigurationIsVisible = 0;
			defaultConfigurationName = Build;
		};
		E96453D2122B16FA001A5754 /* Build configuration list for PBXNativeTarget "NANOS" */ = {
			isa = XCConfigurationList;
			buildConfigurations = (
				E96453CC122B16DC001A5754 /* Build */,
				E96453CD122B16DC001A5754 /* Debug */,
				E96453CE122B16DC001A5754 /* Release */,
			);
			defaultConfigurationIsVisible = 0;
			defaultConfigurationName = Build;
		};
/* End XCConfigurationList section */
	};
	rootObject = 08FB7793FE84155DC02AAC07 /* Project object */;
}
